
Microsoft Visual Studio Solution File, Format Version 12.00
# Visual Studio 15
VisualStudioVersion = 15.0.28307.168
MinimumVisualStudioVersion = 10.0.40219.1
Project("{FAE04EC0-301F-11D3-BF4B-00C04F79EFBC}") = "BinarySearch", "BinarySearch\BinarySearch.csproj", "{CF168E58-581F-49A7-8BD5-F4E8C3C41A5B}"
EndProject
Project("{FAE04EC0-301F-11D3-BF4B-00C04F79EFBC}") = "binarySearchTDD", "binarySearchTDD\binarySearchTDD.csproj", "{6CB4BE0D-91DE-4C32-A0F0-86CAF90F6038}"
EndProject
Global
	GlobalSection(SolutionConfigurationPlatforms) = preSolution
		Debug|Any CPU = Debug|Any CPU
		Release|Any CPU = Release|Any CPU
	EndGlobalSection
	GlobalSection(ProjectConfigurationPlatforms) = postSolution
		{CF168E58-581F-49A7-8BD5-F4E8C3C41A5B}.Debug|Any CPU.ActiveCfg = Debug|Any CPU
		{CF168E58-581F-49A7-8BD5-F4E8C3C41A5B}.Debug|Any CPU.Build.0 = Debug|Any CPU
		{CF168E58-581F-49A7-8BD5-F4E8C3C41A5B}.Release|Any CPU.ActiveCfg = Release|Any CPU
		{CF168E58-581F-49A7-8BD5-F4E8C3C41A5B}.Release|Any CPU.Build.0 = Release|Any CPU
		{6CB4BE0D-91DE-4C32-A0F0-86CAF90F6038}.Debug|Any CPU.ActiveCfg = Debug|Any CPU
		{6CB4BE0D-91DE-4C32-A0F0-86CAF90F6038}.Debug|Any CPU.Build.0 = Debug|Any CPU
		{6CB4BE0D-91DE-4C32-A0F0-86CAF90F6038}.Release|Any CPU.ActiveCfg = Release|Any CPU
		{6CB4BE0D-91DE-4C32-A0F0-86CAF90F6038}.Release|Any CPU.Build.0 = Release|Any CPU
	EndGlobalSection
	GlobalSection(SolutionProperties) = preSolution
		HideSolutionNode = FALSE
	EndGlobalSection
	GlobalSection(ExtensibilityGlobals) = postSolution
		SolutionGuid = {636CFD6D-0B4E-4545-AF1E-4FC78BA4EA74}
	EndGlobalSection
EndGlobal
