
Microsoft Visual Studio Solution File, Format Version 12.00
# Visual Studio 15
VisualStudioVersion = 15.0.28307.329
MinimumVisualStudioVersion = 10.0.40219.1
Project("{FAE04EC0-301F-11D3-BF4B-00C04F79EFBC}") = "RepeatedWord", "RepeatedWord\RepeatedWord.csproj", "{273DA7F9-D7C1-41B6-BE39-713C6ECC8CE6}"
EndProject
Project("{FAE04EC0-301F-11D3-BF4B-00C04F79EFBC}") = "RepeatedWordTest", "..\RepeatedWordTest\RepeatedWordTest.csproj", "{97915A93-C31C-4407-838C-8529BEBBCDB8}"
EndProject
Global
	GlobalSection(SolutionConfigurationPlatforms) = preSolution
		Debug|Any CPU = Debug|Any CPU
		Release|Any CPU = Release|Any CPU
	EndGlobalSection
	GlobalSection(ProjectConfigurationPlatforms) = postSolution
		{273DA7F9-D7C1-41B6-BE39-713C6ECC8CE6}.Debug|Any CPU.ActiveCfg = Debug|Any CPU
		{273DA7F9-D7C1-41B6-BE39-713C6ECC8CE6}.Debug|Any CPU.Build.0 = Debug|Any CPU
		{273DA7F9-D7C1-41B6-BE39-713C6ECC8CE6}.Release|Any CPU.ActiveCfg = Release|Any CPU
		{273DA7F9-D7C1-41B6-BE39-713C6ECC8CE6}.Release|Any CPU.Build.0 = Release|Any CPU
		{97915A93-C31C-4407-838C-8529BEBBCDB8}.Debug|Any CPU.ActiveCfg = Debug|Any CPU
		{97915A93-C31C-4407-838C-8529BEBBCDB8}.Debug|Any CPU.Build.0 = Debug|Any CPU
		{97915A93-C31C-4407-838C-8529BEBBCDB8}.Release|Any CPU.ActiveCfg = Release|Any CPU
		{97915A93-C31C-4407-838C-8529BEBBCDB8}.Release|Any CPU.Build.0 = Release|Any CPU
	EndGlobalSection
	GlobalSection(SolutionProperties) = preSolution
		HideSolutionNode = FALSE
	EndGlobalSection
	GlobalSection(ExtensibilityGlobals) = postSolution
		SolutionGuid = {2ED3F677-5002-42E1-974C-DB16BC4C9785}
	EndGlobalSection
EndGlobal
