
Microsoft Visual Studio Solution File, Format Version 12.00
# Visual Studio 15
VisualStudioVersion = 15.0.28307.168
MinimumVisualStudioVersion = 10.0.40219.1
Project("{FAE04EC0-301F-11D3-BF4B-00C04F79EFBC}") = "11_Merge", "11_Merge\11_Merge.csproj", "{99C34DD4-28E3-44A7-A35D-8BE8C8272D64}"
EndProject
Project("{FAE04EC0-301F-11D3-BF4B-00C04F79EFBC}") = "linkedList_Merge", "..\linkedList_Merge\linkedList_Merge.csproj", "{FBF766CA-CA0A-4EE9-9921-72D7E13D7A47}"
EndProject
Global
	GlobalSection(SolutionConfigurationPlatforms) = preSolution
		Debug|Any CPU = Debug|Any CPU
		Release|Any CPU = Release|Any CPU
	EndGlobalSection
	GlobalSection(ProjectConfigurationPlatforms) = postSolution
		{99C34DD4-28E3-44A7-A35D-8BE8C8272D64}.Debug|Any CPU.ActiveCfg = Debug|Any CPU
		{99C34DD4-28E3-44A7-A35D-8BE8C8272D64}.Debug|Any CPU.Build.0 = Debug|Any CPU
		{99C34DD4-28E3-44A7-A35D-8BE8C8272D64}.Release|Any CPU.ActiveCfg = Release|Any CPU
		{99C34DD4-28E3-44A7-A35D-8BE8C8272D64}.Release|Any CPU.Build.0 = Release|Any CPU
		{FBF766CA-CA0A-4EE9-9921-72D7E13D7A47}.Debug|Any CPU.ActiveCfg = Debug|Any CPU
		{FBF766CA-CA0A-4EE9-9921-72D7E13D7A47}.Debug|Any CPU.Build.0 = Debug|Any CPU
		{FBF766CA-CA0A-4EE9-9921-72D7E13D7A47}.Release|Any CPU.ActiveCfg = Release|Any CPU
		{FBF766CA-CA0A-4EE9-9921-72D7E13D7A47}.Release|Any CPU.Build.0 = Release|Any CPU
	EndGlobalSection
	GlobalSection(SolutionProperties) = preSolution
		HideSolutionNode = FALSE
	EndGlobalSection
	GlobalSection(ExtensibilityGlobals) = postSolution
		SolutionGuid = {CEF040EA-16C6-4AEB-A179-5B29FC54FE1E}
	EndGlobalSection
EndGlobal
