
Microsoft Visual Studio Solution File, Format Version 12.00
# Visual Studio 15
VisualStudioVersion = 15.0.28307.168
MinimumVisualStudioVersion = 10.0.40219.1
Project("{FAE04EC0-301F-11D3-BF4B-00C04F79EFBC}") = "arrayShift", "arrayShift\arrayShift.csproj", "{B9ECB0E2-6C07-49D1-B425-FF03B68F5454}"
EndProject
Global
	GlobalSection(SolutionConfigurationPlatforms) = preSolution
		Debug|Any CPU = Debug|Any CPU
		Release|Any CPU = Release|Any CPU
	EndGlobalSection
	GlobalSection(ProjectConfigurationPlatforms) = postSolution
		{B9ECB0E2-6C07-49D1-B425-FF03B68F5454}.Debug|Any CPU.ActiveCfg = Debug|Any CPU
		{B9ECB0E2-6C07-49D1-B425-FF03B68F5454}.Debug|Any CPU.Build.0 = Debug|Any CPU
		{B9ECB0E2-6C07-49D1-B425-FF03B68F5454}.Release|Any CPU.ActiveCfg = Release|Any CPU
		{B9ECB0E2-6C07-49D1-B425-FF03B68F5454}.Release|Any CPU.Build.0 = Release|Any CPU
	EndGlobalSection
	GlobalSection(SolutionProperties) = preSolution
		HideSolutionNode = FALSE
	EndGlobalSection
	GlobalSection(ExtensibilityGlobals) = postSolution
		SolutionGuid = {72D4B83B-A098-49E6-88C1-49D76B9B3F28}
	EndGlobalSection
EndGlobal
