
Microsoft Visual Studio Solution File, Format Version 12.00
# Visual Studio 15
VisualStudioVersion = 15.0.28307.168
MinimumVisualStudioVersion = 10.0.40219.1

Project("{9A19103F-16F7-4668-BE54-9A1E7A4F7556}") = "queue_with_stacks", "queue_with_stacks\queue_with_stacks.csproj", "{2E0846EF-7A05-45C4-B687-370D7B19CAD4}"
EndProject
Project("{9A19103F-16F7-4668-BE54-9A1E7A4F7556}") = "XUnitTestProject1", "XUnitTestProject1\XUnitTestProject1.csproj", "{C35982B6-A196-41AD-ABBF-30D6690266D0}"
=======
Project("{FAE04EC0-301F-11D3-BF4B-00C04F79EFBC}") = "queue_with_stacks", "queue_with_stacks\queue_with_stacks.csproj", "{2E0846EF-7A05-45C4-B687-370D7B19CAD4}"
EndProject
Project("{FAE04EC0-301F-11D3-BF4B-00C04F79EFBC}") = "XUnitTestProject1", "XUnitTestProject1\XUnitTestProject1.csproj", "{C35982B6-A196-41AD-ABBF-30D6690266D0}"

EndProject
Global
	GlobalSection(SolutionConfigurationPlatforms) = preSolution
		Debug|Any CPU = Debug|Any CPU
		Release|Any CPU = Release|Any CPU
	EndGlobalSection
	GlobalSection(ProjectConfigurationPlatforms) = postSolution
		{2E0846EF-7A05-45C4-B687-370D7B19CAD4}.Debug|Any CPU.ActiveCfg = Debug|Any CPU
		{2E0846EF-7A05-45C4-B687-370D7B19CAD4}.Debug|Any CPU.Build.0 = Debug|Any CPU
		{2E0846EF-7A05-45C4-B687-370D7B19CAD4}.Release|Any CPU.ActiveCfg = Release|Any CPU
		{2E0846EF-7A05-45C4-B687-370D7B19CAD4}.Release|Any CPU.Build.0 = Release|Any CPU
		{C35982B6-A196-41AD-ABBF-30D6690266D0}.Debug|Any CPU.ActiveCfg = Debug|Any CPU
		{C35982B6-A196-41AD-ABBF-30D6690266D0}.Debug|Any CPU.Build.0 = Debug|Any CPU
		{C35982B6-A196-41AD-ABBF-30D6690266D0}.Release|Any CPU.ActiveCfg = Release|Any CPU
		{C35982B6-A196-41AD-ABBF-30D6690266D0}.Release|Any CPU.Build.0 = Release|Any CPU
	EndGlobalSection
	GlobalSection(SolutionProperties) = preSolution
		HideSolutionNode = FALSE
	EndGlobalSection
	GlobalSection(ExtensibilityGlobals) = postSolution
		SolutionGuid = {AF57BA38-E6A2-48D6-903C-BEBC9229A37A}
	EndGlobalSection
EndGlobal
