
Microsoft Visual Studio Solution File, Format Version 12.00
# Visual Studio 15
VisualStudioVersion = 15.0.28307.168
MinimumVisualStudioVersion = 10.0.40219.1
Project("{FAE04EC0-301F-11D3-BF4B-00C04F79EFBC}") = "BreadthFirst", "BreadthFirst\BreadthFirst.csproj", "{0A1B3942-45AB-4188-B37C-590007827EE9}"
EndProject
Project("{FAE04EC0-301F-11D3-BF4B-00C04F79EFBC}") = "BreadthFirstTDD", "..\BreadthFirstTDD\BreadthFirstTDD.csproj", "{8CDA4425-DAAB-49B0-8455-BE5C57CA5719}"
EndProject
Global
	GlobalSection(SolutionConfigurationPlatforms) = preSolution
		Debug|Any CPU = Debug|Any CPU
		Release|Any CPU = Release|Any CPU
	EndGlobalSection
	GlobalSection(ProjectConfigurationPlatforms) = postSolution
		{0A1B3942-45AB-4188-B37C-590007827EE9}.Debug|Any CPU.ActiveCfg = Debug|Any CPU
		{0A1B3942-45AB-4188-B37C-590007827EE9}.Debug|Any CPU.Build.0 = Debug|Any CPU
		{0A1B3942-45AB-4188-B37C-590007827EE9}.Release|Any CPU.ActiveCfg = Release|Any CPU
		{0A1B3942-45AB-4188-B37C-590007827EE9}.Release|Any CPU.Build.0 = Release|Any CPU
		{8CDA4425-DAAB-49B0-8455-BE5C57CA5719}.Debug|Any CPU.ActiveCfg = Debug|Any CPU
		{8CDA4425-DAAB-49B0-8455-BE5C57CA5719}.Debug|Any CPU.Build.0 = Debug|Any CPU
		{8CDA4425-DAAB-49B0-8455-BE5C57CA5719}.Release|Any CPU.ActiveCfg = Release|Any CPU
		{8CDA4425-DAAB-49B0-8455-BE5C57CA5719}.Release|Any CPU.Build.0 = Release|Any CPU
	EndGlobalSection
	GlobalSection(SolutionProperties) = preSolution
		HideSolutionNode = FALSE
	EndGlobalSection
	GlobalSection(ExtensibilityGlobals) = postSolution
		SolutionGuid = {CD1B800A-8F2F-4DF6-8617-D29651C12E55}
	EndGlobalSection
EndGlobal
