
Microsoft Visual Studio Solution File, Format Version 12.00
# Visual Studio 15
VisualStudioVersion = 15.0.28307.329
MinimumVisualStudioVersion = 10.0.40219.1
Project("{FAE04EC0-301F-11D3-BF4B-00C04F79EFBC}") = "Graph", "Graph\Graph.csproj", "{BD041EDC-F63E-4B00-97C4-1CA851E31B7F}"
EndProject
Project("{FAE04EC0-301F-11D3-BF4B-00C04F79EFBC}") = "GraphTest", "GraphTest\GraphTest.csproj", "{12AFF6FF-C47C-4EFD-915C-08CF487C2AE0}"
EndProject
Global
	GlobalSection(SolutionConfigurationPlatforms) = preSolution
		Debug|Any CPU = Debug|Any CPU
		Release|Any CPU = Release|Any CPU
	EndGlobalSection
	GlobalSection(ProjectConfigurationPlatforms) = postSolution
		{BD041EDC-F63E-4B00-97C4-1CA851E31B7F}.Debug|Any CPU.ActiveCfg = Debug|Any CPU
		{BD041EDC-F63E-4B00-97C4-1CA851E31B7F}.Debug|Any CPU.Build.0 = Debug|Any CPU
		{BD041EDC-F63E-4B00-97C4-1CA851E31B7F}.Release|Any CPU.ActiveCfg = Release|Any CPU
		{BD041EDC-F63E-4B00-97C4-1CA851E31B7F}.Release|Any CPU.Build.0 = Release|Any CPU
		{12AFF6FF-C47C-4EFD-915C-08CF487C2AE0}.Debug|Any CPU.ActiveCfg = Debug|Any CPU
		{12AFF6FF-C47C-4EFD-915C-08CF487C2AE0}.Debug|Any CPU.Build.0 = Debug|Any CPU
		{12AFF6FF-C47C-4EFD-915C-08CF487C2AE0}.Release|Any CPU.ActiveCfg = Release|Any CPU
		{12AFF6FF-C47C-4EFD-915C-08CF487C2AE0}.Release|Any CPU.Build.0 = Release|Any CPU
	EndGlobalSection
	GlobalSection(SolutionProperties) = preSolution
		HideSolutionNode = FALSE
	EndGlobalSection
	GlobalSection(ExtensibilityGlobals) = postSolution
		SolutionGuid = {B6DA5D86-B24F-4F5D-81E4-A8BFA0666859}
	EndGlobalSection
EndGlobal
