
Microsoft Visual Studio Solution File, Format Version 12.00
# Visual Studio 15
VisualStudioVersion = 15.0.28307.329
MinimumVisualStudioVersion = 10.0.40219.1
Project("{9A19103F-16F7-4668-BE54-9A1E7A4F7556}") = "HashTable", "HashTable\HashTable.csproj", "{75CF578C-D51A-407F-B907-21129FDE0A7F}"
EndProject
Project("{FAE04EC0-301F-11D3-BF4B-00C04F79EFBC}") = "HashTableTesting", "HashTableTesting\HashTableTesting.csproj", "{06E1067E-B264-4E55-8F68-B0F3015BB55B}"
EndProject
Global
	GlobalSection(SolutionConfigurationPlatforms) = preSolution
		Debug|Any CPU = Debug|Any CPU
		Release|Any CPU = Release|Any CPU
	EndGlobalSection
	GlobalSection(ProjectConfigurationPlatforms) = postSolution
		{75CF578C-D51A-407F-B907-21129FDE0A7F}.Debug|Any CPU.ActiveCfg = Debug|Any CPU
		{75CF578C-D51A-407F-B907-21129FDE0A7F}.Debug|Any CPU.Build.0 = Debug|Any CPU
		{75CF578C-D51A-407F-B907-21129FDE0A7F}.Release|Any CPU.ActiveCfg = Release|Any CPU
		{75CF578C-D51A-407F-B907-21129FDE0A7F}.Release|Any CPU.Build.0 = Release|Any CPU
		{06E1067E-B264-4E55-8F68-B0F3015BB55B}.Debug|Any CPU.ActiveCfg = Debug|Any CPU
		{06E1067E-B264-4E55-8F68-B0F3015BB55B}.Debug|Any CPU.Build.0 = Debug|Any CPU
		{06E1067E-B264-4E55-8F68-B0F3015BB55B}.Release|Any CPU.ActiveCfg = Release|Any CPU
		{06E1067E-B264-4E55-8F68-B0F3015BB55B}.Release|Any CPU.Build.0 = Release|Any CPU
	EndGlobalSection
	GlobalSection(SolutionProperties) = preSolution
		HideSolutionNode = FALSE
	EndGlobalSection
	GlobalSection(ExtensibilityGlobals) = postSolution
		SolutionGuid = {29815D66-DF97-41EC-BC9C-AFD4C07AD1F5}
	EndGlobalSection
EndGlobal
