
Microsoft Visual Studio Solution File, Format Version 12.00
# Visual Studio 15
VisualStudioVersion = 15.0.28307.168
MinimumVisualStudioVersion = 10.0.40219.1
Project("{FAE04EC0-301F-11D3-BF4B-00C04F79EFBC}") = "BinaryTreeFizzBuzz", "BinaryTreeFizzBuzz\BinaryTreeFizzBuzz.csproj", "{8C9F18DE-0EC1-4163-94E6-808FD04F4E4E}"
EndProject
Project("{FAE04EC0-301F-11D3-BF4B-00C04F79EFBC}") = "BinaryTreeFizzBuzzTDD", "..\BinaryTreeFizzBuzzTDD\BinaryTreeFizzBuzzTDD.csproj", "{88ED84C3-70BB-40FF-A944-58B436A32B73}"
EndProject
Global
	GlobalSection(SolutionConfigurationPlatforms) = preSolution
		Debug|Any CPU = Debug|Any CPU
		Release|Any CPU = Release|Any CPU
	EndGlobalSection
	GlobalSection(ProjectConfigurationPlatforms) = postSolution
		{8C9F18DE-0EC1-4163-94E6-808FD04F4E4E}.Debug|Any CPU.ActiveCfg = Debug|Any CPU
		{8C9F18DE-0EC1-4163-94E6-808FD04F4E4E}.Debug|Any CPU.Build.0 = Debug|Any CPU
		{8C9F18DE-0EC1-4163-94E6-808FD04F4E4E}.Release|Any CPU.ActiveCfg = Release|Any CPU
		{8C9F18DE-0EC1-4163-94E6-808FD04F4E4E}.Release|Any CPU.Build.0 = Release|Any CPU
		{88ED84C3-70BB-40FF-A944-58B436A32B73}.Debug|Any CPU.ActiveCfg = Debug|Any CPU
		{88ED84C3-70BB-40FF-A944-58B436A32B73}.Debug|Any CPU.Build.0 = Debug|Any CPU
		{88ED84C3-70BB-40FF-A944-58B436A32B73}.Release|Any CPU.ActiveCfg = Release|Any CPU
		{88ED84C3-70BB-40FF-A944-58B436A32B73}.Release|Any CPU.Build.0 = Release|Any CPU
	EndGlobalSection
	GlobalSection(SolutionProperties) = preSolution
		HideSolutionNode = FALSE
	EndGlobalSection
	GlobalSection(ExtensibilityGlobals) = postSolution
		SolutionGuid = {1FB92853-A1B0-421C-A7ED-91A285832302}
	EndGlobalSection
EndGlobal
